// !$*UTF8*$!
{
	archiveVersion = 1;
	classes = {
	};
	objectVersion = 46;
	objects = {

/* Begin PBXBuildFile section */
		84780C6F1B0F0E920020857F /* main.m in Sources */ = {isa = PBXBuildFile; fileRef = 84780C6E1B0F0E920020857F /* main.m */; };
		84780C721B0F0E920020857F /* AppDelegate.m in Sources */ = {isa = PBXBuildFile; fileRef = 84780C711B0F0E920020857F /* AppDelegate.m */; };
		84780C751B0F0E920020857F /* ViewController.m in Sources */ = {isa = PBXBuildFile; fileRef = 84780C741B0F0E920020857F /* ViewController.m */; };
		84780C781B0F0E920020857F /* Main.storyboard in Resources */ = {isa = PBXBuildFile; fileRef = 84780C761B0F0E920020857F /* Main.storyboard */; };
		84780C7A1B0F0E920020857F /* Images.xcassets in Resources */ = {isa = PBXBuildFile; fileRef = 84780C791B0F0E920020857F /* Images.xcassets */; };
		84780C7D1B0F0E920020857F /* LaunchScreen.xib in Resources */ = {isa = PBXBuildFile; fileRef = 84780C7B1B0F0E920020857F /* LaunchScreen.xib */; };
		84780C891B0F0E920020857F /* UniversalAlertViewTests.m in Sources */ = {isa = PBXBuildFile; fileRef = 84780C881B0F0E920020857F /* UniversalAlertViewTests.m */; };
		84780C941B0F0EAE0020857F /* UniversalAlertViewController.m in Sources */ = {isa = PBXBuildFile; fileRef = 84780C931B0F0EAE0020857F /* UniversalAlertViewController.m */; };
/* End PBXBuildFile section */

/* Begin PBXContainerItemProxy section */
		84780C831B0F0E920020857F /* PBXContainerItemProxy */ = {
			isa = PBXContainerItemProxy;
			containerPortal = 84780C611B0F0E920020857F /* Project object */;
			proxyType = 1;
			remoteGlobalIDString = 84780C681B0F0E920020857F;
			remoteInfo = UniversalAlertView;
		};
/* End PBXContainerItemProxy section */

/* Begin PBXFileReference section */
		84780C691B0F0E920020857F /* UniversalAlertView.app */ = {isa = PBXFileReference; explicitFileType = wrapper.application; includeInIndex = 0; path = UniversalAlertView.app; sourceTree = BUILT_PRODUCTS_DIR; };
		84780C6D1B0F0E920020857F /* Info.plist */ = {isa = PBXFileReference; lastKnownFileType = text.plist.xml; path = Info.plist; sourceTree = "<group>"; };
		84780C6E1B0F0E920020857F /* main.m */ = {isa = PBXFileReference; lastKnownFileType = sourcecode.c.objc; path = main.m; sourceTree = "<group>"; };
		84780C701B0F0E920020857F /* AppDelegate.h */ = {isa = PBXFileReference; lastKnownFileType = sourcecode.c.h; path = AppDelegate.h; sourceTree = "<group>"; };
		84780C711B0F0E920020857F /* AppDelegate.m */ = {isa = PBXFileReference; lastKnownFileType = sourcecode.c.objc; path = AppDelegate.m; sourceTree = "<group>"; };
		84780C731B0F0E920020857F /* ViewController.h */ = {isa = PBXFileReference; lastKnownFileType = sourcecode.c.h; path = ViewController.h; sourceTree = "<group>"; };
		84780C741B0F0E920020857F /* ViewController.m */ = {isa = PBXFileReference; lastKnownFileType = sourcecode.c.objc; path = ViewController.m; sourceTree = "<group>"; };
		84780C771B0F0E920020857F /* Base */ = {isa = PBXFileReference; lastKnownFileType = file.storyboard; name = Base; path = Base.lproj/Main.storyboard; sourceTree = "<group>"; };
		84780C791B0F0E920020857F /* Images.xcassets */ = {isa = PBXFileReference; lastKnownFileType = folder.assetcatalog; path = Images.xcassets; sourceTree = "<group>"; };
		84780C7C1B0F0E920020857F /* Base */ = {isa = PBXFileReference; lastKnownFileType = file.xib; name = Base; path = Base.lproj/LaunchScreen.xib; sourceTree = "<group>"; };
		84780C821B0F0E920020857F /* UniversalAlertViewTests.xctest */ = {isa = PBXFileReference; explicitFileType = wrapper.cfbundle; includeInIndex = 0; path = UniversalAlertViewTests.xctest; sourceTree = BUILT_PRODUCTS_DIR; };
		84780C871B0F0E920020857F /* Info.plist */ = {isa = PBXFileReference; lastKnownFileType = text.plist.xml; path = Info.plist; sourceTree = "<group>"; };
		84780C881B0F0E920020857F /* UniversalAlertViewTests.m */ = {isa = PBXFileReference; lastKnownFileType = sourcecode.c.objc; path = UniversalAlertViewTests.m; sourceTree = "<group>"; };
		84780C921B0F0EAE0020857F /* UniversalAlertViewController.h */ = {isa = PBXFileReference; fileEncoding = 4; lastKnownFileType = sourcecode.c.h; path = UniversalAlertViewController.h; sourceTree = "<group>"; };
		84780C931B0F0EAE0020857F /* UniversalAlertViewController.m */ = {isa = PBXFileReference; fileEncoding = 4; lastKnownFileType = sourcecode.c.objc; path = UniversalAlertViewController.m; sourceTree = "<group>"; };
/* End PBXFileReference section */

/* Begin PBXFrameworksBuildPhase section */
		84780C661B0F0E920020857F /* Frameworks */ = {
			isa = PBXFrameworksBuildPhase;
			buildActionMask = 2147483647;
			files = (
			);
			runOnlyForDeploymentPostprocessing = 0;
		};
		84780C7F1B0F0E920020857F /* Frameworks */ = {
			isa = PBXFrameworksBuildPhase;
			buildActionMask = 2147483647;
			files = (
			);
			runOnlyForDeploymentPostprocessing = 0;
		};
/* End PBXFrameworksBuildPhase section */

/* Begin PBXGroup section */
		84780C601B0F0E920020857F = {
			isa = PBXGroup;
			children = (
				84780C6B1B0F0E920020857F /* UniversalAlertView */,
				84780C851B0F0E920020857F /* UniversalAlertViewTests */,
				84780C6A1B0F0E920020857F /* Products */,
			);
			sourceTree = "<group>";
		};
		84780C6A1B0F0E920020857F /* Products */ = {
			isa = PBXGroup;
			children = (
				84780C691B0F0E920020857F /* UniversalAlertView.app */,
				84780C821B0F0E920020857F /* UniversalAlertViewTests.xctest */,
			);
			name = Products;
			sourceTree = "<group>";
		};
		84780C6B1B0F0E920020857F /* UniversalAlertView */ = {
			isa = PBXGroup;
			children = (
				84780C701B0F0E920020857F /* AppDelegate.h */,
				84780C711B0F0E920020857F /* AppDelegate.m */,
				84780C921B0F0EAE0020857F /* UniversalAlertViewController.h */,
				84780C931B0F0EAE0020857F /* UniversalAlertViewController.m */,
				84780C731B0F0E920020857F /* ViewController.h */,
				84780C741B0F0E920020857F /* ViewController.m */,
				84780C761B0F0E920020857F /* Main.storyboard */,
				84780C791B0F0E920020857F /* Images.xcassets */,
				84780C7B1B0F0E920020857F /* LaunchScreen.xib */,
				84780C6C1B0F0E920020857F /* Supporting Files */,
			);
			path = UniversalAlertView;
			sourceTree = "<group>";
		};
		84780C6C1B0F0E920020857F /* Supporting Files */ = {
			isa = PBXGroup;
			children = (
				84780C6D1B0F0E920020857F /* Info.plist */,
				84780C6E1B0F0E920020857F /* main.m */,
			);
			name = "Supporting Files";
			sourceTree = "<group>";
		};
		84780C851B0F0E920020857F /* UniversalAlertViewTests */ = {
			isa = PBXGroup;
			children = (
				84780C881B0F0E920020857F /* UniversalAlertViewTests.m */,
				84780C861B0F0E920020857F /* Supporting Files */,
			);
			path = UniversalAlertViewTests;
			sourceTree = "<group>";
		};
		84780C861B0F0E920020857F /* Supporting Files */ = {
			isa = PBXGroup;
			children = (
				84780C871B0F0E920020857F /* Info.plist */,
			);
			name = "Supporting Files";
			sourceTree = "<group>";
		};
/* End PBXGroup section */

/* Begin PBXNativeTarget section */
		84780C681B0F0E920020857F /* UniversalAlertView */ = {
			isa = PBXNativeTarget;
			buildConfigurationList = 84780C8C1B0F0E920020857F /* Build configuration list for PBXNativeTarget "UniversalAlertView" */;
			buildPhases = (
				84780C651B0F0E920020857F /* Sources */,
				84780C661B0F0E920020857F /* Frameworks */,
				84780C671B0F0E920020857F /* Resources */,
			);
			buildRules = (
			);
			dependencies = (
			);
			name = UniversalAlertView;
			productName = UniversalAlertView;
			productReference = 84780C691B0F0E920020857F /* UniversalAlertView.app */;
			productType = "com.apple.product-type.application";
		};
		84780C811B0F0E920020857F /* UniversalAlertViewTests */ = {
			isa = PBXNativeTarget;
			buildConfigurationList = 84780C8F1B0F0E920020857F /* Build configuration list for PBXNativeTarget "UniversalAlertViewTests" */;
			buildPhases = (
				84780C7E1B0F0E920020857F /* Sources */,
				84780C7F1B0F0E920020857F /* Frameworks */,
				84780C801B0F0E920020857F /* Resources */,
			);
			buildRules = (
			);
			dependencies = (
				84780C841B0F0E920020857F /* PBXTargetDependency */,
			);
			name = UniversalAlertViewTests;
			productName = UniversalAlertViewTests;
			productReference = 84780C821B0F0E920020857F /* UniversalAlertViewTests.xctest */;
			productType = "com.apple.product-type.bundle.unit-test";
		};
/* End PBXNativeTarget section */

/* Begin PBXProject section */
		84780C611B0F0E920020857F /* Project object */ = {
			isa = PBXProject;
			attributes = {
				LastUpgradeCheck = 0620;
				ORGANIZATIONNAME = "Akshay Bhalotia";
				TargetAttributes = {
					84780C681B0F0E920020857F = {
						CreatedOnToolsVersion = 6.2;
					};
					84780C811B0F0E920020857F = {
						CreatedOnToolsVersion = 6.2;
						TestTargetID = 84780C681B0F0E920020857F;
					};
				};
			};
			buildConfigurationList = 84780C641B0F0E920020857F /* Build configuration list for PBXProject "UniversalAlertView" */;
			compatibilityVersion = "Xcode 3.2";
			developmentRegion = English;
			hasScannedForEncodings = 0;
			knownRegions = (
				en,
				Base,
			);
			mainGroup = 84780C601B0F0E920020857F;
			productRefGroup = 84780C6A1B0F0E920020857F /* Products */;
			projectDirPath = "";
			projectRoot = "";
			targets = (
				84780C681B0F0E920020857F /* UniversalAlertView */,
				84780C811B0F0E920020857F /* UniversalAlertViewTests */,
			);
		};
/* End PBXProject section */

/* Begin PBXResourcesBuildPhase section */
		84780C671B0F0E920020857F /* Resources */ = {
			isa = PBXResourcesBuildPhase;
			buildActionMask = 2147483647;
			files = (
				84780C781B0F0E920020857F /* Main.storyboard in Resources */,
				84780C7D1B0F0E920020857F /* LaunchScreen.xib in Resources */,
				84780C7A1B0F0E920020857F /* Images.xcassets in Resources */,
			);
			runOnlyForDeploymentPostprocessing = 0;
		};
		84780C801B0F0E920020857F /* Resources */ = {
			isa = PBXResourcesBuildPhase;
			buildActionMask = 2147483647;
			files = (
			);
			runOnlyForDeploymentPostprocessing = 0;
		};
/* End PBXResourcesBuildPhase section */

/* Begin PBXSourcesBuildPhase section */
		84780C651B0F0E920020857F /* Sources */ = {
			isa = PBXSourcesBuildPhase;
			buildActionMask = 2147483647;
			files = (
				84780C751B0F0E920020857F /* ViewController.m in Sources */,
				84780C941B0F0EAE0020857F /* UniversalAlertViewController.m in Sources */,
				84780C721B0F0E920020857F /* AppDelegate.m in Sources */,
				84780C6F1B0F0E920020857F /* main.m in Sources */,
			);
			runOnlyForDeploymentPostprocessing = 0;
		};
		84780C7E1B0F0E920020857F /* Sources */ = {
			isa = PBXSourcesBuildPhase;
			buildActionMask = 2147483647;
			files = (
				84780C891B0F0E920020857F /* UniversalAlertViewTests.m in Sources */,
			);
			runOnlyForDeploymentPostprocessing = 0;
		};
/* End PBXSourcesBuildPhase section */

/* Begin PBXTargetDependency section */
		84780C841B0F0E920020857F /* PBXTargetDependency */ = {
			isa = PBXTargetDependency;
			target = 84780C681B0F0E920020857F /* UniversalAlertView */;
			targetProxy = 84780C831B0F0E920020857F /* PBXContainerItemProxy */;
		};
/* End PBXTargetDependency section */

/* Begin PBXVariantGroup section */
		84780C761B0F0E920020857F /* Main.storyboard */ = {
			isa = PBXVariantGroup;
			children = (
				84780C771B0F0E920020857F /* Base */,
			);
			name = Main.storyboard;
			sourceTree = "<group>";
		};
		84780C7B1B0F0E920020857F /* LaunchScreen.xib */ = {
			isa = PBXVariantGroup;
			children = (
				84780C7C1B0F0E920020857F /* Base */,
			);
			name = LaunchScreen.xib;
			sourceTree = "<group>";
		};
/* End PBXVariantGroup section */

/* Begin XCBuildConfiguration section */
		84780C8A1B0F0E920020857F /* Debug */ = {
			isa = XCBuildConfiguration;
			buildSettings = {
				ALWAYS_SEARCH_USER_PATHS = NO;
				CLANG_CXX_LANGUAGE_STANDARD = "gnu++0x";
				CLANG_CXX_LIBRARY = "libc++";
				CLANG_ENABLE_MODULES = YES;
				CLANG_ENABLE_OBJC_ARC = YES;
				CLANG_WARN_BOOL_CONVERSION = YES;
				CLANG_WARN_CONSTANT_CONVERSION = YES;
				CLANG_WARN_DIRECT_OBJC_ISA_USAGE = YES_ERROR;
				CLANG_WARN_EMPTY_BODY = YES;
				CLANG_WARN_ENUM_CONVERSION = YES;
				CLANG_WARN_INT_CONVERSION = YES;
				CLANG_WARN_OBJC_ROOT_CLASS = YES_ERROR;
				CLANG_WARN_UNREACHABLE_CODE = YES;
				CLANG_WARN__DUPLICATE_METHOD_MATCH = YES;
				"CODE_SIGN_IDENTITY[sdk=iphoneos*]" = "iPhone Developer";
				COPY_PHASE_STRIP = NO;
				ENABLE_STRICT_OBJC_MSGSEND = YES;
				GCC_C_LANGUAGE_STANDARD = gnu99;
				GCC_DYNAMIC_NO_PIC = NO;
				GCC_OPTIMIZATION_LEVEL = 0;
				GCC_PREPROCESSOR_DEFINITIONS = (
					"DEBUG=1",
					"$(inherited)",
				);
				GCC_SYMBOLS_PRIVATE_EXTERN = NO;
				GCC_WARN_64_TO_32_BIT_CONVERSION = YES;
				GCC_WARN_ABOUT_RETURN_TYPE = YES_ERROR;
				GCC_WARN_UNDECLARED_SELECTOR = YES;
				GCC_WARN_UNINITIALIZED_AUTOS = YES_AGGRESSIVE;
				GCC_WARN_UNUSED_FUNCTION = YES;
				GCC_WARN_UNUSED_VARIABLE = YES;
				IPHONEOS_DEPLOYMENT_TARGET = 6.0;
				MTL_ENABLE_DEBUG_INFO = YES;
				ONLY_ACTIVE_ARCH = YES;
				SDKROOT = iphoneos;
			};
			name = Debug;
		};
		84780C8B1B0F0E920020857F /* Release */ = {
			isa = XCBuildConfiguration;
			buildSettings = {
				ALWAYS_SEARCH_USER_PATHS = NO;
				CLANG_CXX_LANGUAGE_STANDARD = "gnu++0x";
				CLANG_CXX_LIBRARY = "libc++";
				CLANG_ENABLE_MODULES = YES;
				CLANG_ENABLE_OBJC_ARC = YES;
				CLANG_WARN_BOOL_CONVERSION = YES;
				CLANG_WARN_CONSTANT_CONVERSION = YES;
				CLANG_WARN_DIRECT_OBJC_ISA_USAGE = YES_ERROR;
				CLANG_WARN_EMPTY_BODY = YES;
				CLANG_WARN_ENUM_CONVERSION = YES;
				CLANG_WARN_INT_CONVERSION = YES;
				CLANG_WARN_OBJC_ROOT_CLASS = YES_ERROR;
				CLANG_WARN_UNREACHABLE_CODE = YES;
				CLANG_WARN__DUPLICATE_METHOD_MATCH = YES;
				"CODE_SIGN_IDENTITY[sdk=iphoneos*]" = "iPhone Developer";
				COPY_PHASE_STRIP = NO;
				ENABLE_NS_ASSERTIONS = NO;
				ENABLE_STRICT_OBJC_MSGSEND = YES;
				GCC_C_LANGUAGE_STANDARD = gnu99;
				GCC_WARN_64_TO_32_BIT_CONVERSION = YES;
				GCC_WARN_ABOUT_RETURN_TYPE = YES_ERROR;
				GCC_WARN_UNDECLARED_SELECTOR = YES;
				GCC_WARN_UNINITIALIZED_AUTOS = YES_AGGRESSIVE;
				GCC_WARN_UNUSED_FUNCTION = YES;
				GCC_WARN_UNUSED_VARIABLE = YES;
				IPHONEOS_DEPLOYMENT_TARGET = 6.0;
				MTL_ENABLE_DEBUG_INFO = NO;
				SDKROOT = iphoneos;
				VALIDATE_PRODUCT = YES;
			};
			name = Release;
		};
		84780C8D1B0F0E920020857F /* Debug */ = {
			isa = XCBuildConfiguration;
			buildSettings = {
				ASSETCATALOG_COMPILER_APPICON_NAME = AppIcon;
				INFOPLIST_FILE = UniversalAlertView/Info.plist;
				LD_RUNPATH_SEARCH_PATHS = "$(inherited) @executable_path/Frameworks";
				PRODUCT_NAME = "$(TARGET_NAME)";
			};
			name = Debug;
		};
		84780C8E1B0F0E920020857F /* Release */ = {
			isa = XCBuildConfiguration;
			buildSettings = {
				ASSETCATALOG_COMPILER_APPICON_NAME = AppIcon;
				INFOPLIST_FILE = UniversalAlertView/Info.plist;
				LD_RUNPATH_SEARCH_PATHS = "$(inherited) @executable_path/Frameworks";
				PRODUCT_NAME = "$(TARGET_NAME)";
			};
			name = Release;
		};
		84780C901B0F0E920020857F /* Debug */ = {
			isa = XCBuildConfiguration;
			buildSettings = {
				BUNDLE_LOADER = "$(TEST_HOST)";
				FRAMEWORK_SEARCH_PATHS = (
					"$(SDKROOT)/Developer/Library/Frameworks",
					"$(inherited)",
				);
				GCC_PREPROCESSOR_DEFINITIONS = (
					"DEBUG=1",
					"$(inherited)",
				);
				INFOPLIST_FILE = UniversalAlertViewTests/Info.plist;
				LD_RUNPATH_SEARCH_PATHS = "$(inherited) @executable_path/Frameworks @loader_path/Frameworks";
				PRODUCT_NAME = "$(TARGET_NAME)";
				TEST_HOST = "$(BUILT_PRODUCTS_DIR)/UniversalAlertView.app/UniversalAlertView";
			};
			name = Debug;
		};
		84780C911B0F0E920020857F /* Release */ = {
			isa = XCBuildConfiguration;
			buildSettings = {
				BUNDLE_LOADER = "$(TEST_HOST)";
				FRAMEWORK_SEARCH_PATHS = (
					"$(SDKROOT)/Developer/Library/Frameworks",
					"$(inherited)",
				);
				INFOPLIST_FILE = UniversalAlertViewTests/Info.plist;
				LD_RUNPATH_SEARCH_PATHS = "$(inherited) @executable_path/Frameworks @loader_path/Frameworks";
				PRODUCT_NAME = "$(TARGET_NAME)";
				TEST_HOST = "$(BUILT_PRODUCTS_DIR)/UniversalAlertView.app/UniversalAlertView";
			};
			name = Release;
		};
/* End XCBuildConfiguration section */

/* Begin XCConfigurationList section */
		84780C641B0F0E920020857F /* Build configuration list for PBXProject "UniversalAlertView" */ = {
			isa = XCConfigurationList;
			buildConfigurations = (
				84780C8A1B0F0E920020857F /* Debug */,
				84780C8B1B0F0E920020857F /* Release */,
			);
			defaultConfigurationIsVisible = 0;
			defaultConfigurationName = Release;
		};
		84780C8C1B0F0E920020857F /* Build configuration list for PBXNativeTarget "UniversalAlertView" */ = {
			isa = XCConfigurationList;
			buildConfigurations = (
				84780C8D1B0F0E920020857F /* Debug */,
				84780C8E1B0F0E920020857F /* Release */,
			);
			defaultConfigurationIsVisible = 0;
		};
		84780C8F1B0F0E920020857F /* Build configuration list for PBXNativeTarget "UniversalAlertViewTests" */ = {
			isa = XCConfigurationList;
			buildConfigurations = (
				84780C901B0F0E920020857F /* Debug */,
				84780C911B0F0E920020857F /* Release */,
			);
			defaultConfigurationIsVisible = 0;
		};
/* End XCConfigurationList section */
	};
	rootObject = 84780C611B0F0E920020857F /* Project object */;
}
